
Microsoft Visual Studio Solution File, Format Version 12.00
# Visual Studio Version 17
VisualStudioVersion = 17.0.31903.59
MinimumVisualStudioVersion = 10.0.40219.1
Project("{2150E333-8FDC-42A3-9474-1A3956D46DE8}") = "src", "src", "{827E0CD3-B72D-47B6-A68D-7590B98EB39B}"
EndProject
Project("{FAE04EC0-301F-11D3-BF4B-00C04F79EFBC}") = "WalkaAmazonIntelligence.Domain", "src\WalkaAmazonIntelligence.Domain\WalkaAmazonIntelligence.Domain.csproj", "{C9211160-AF6B-40EB-99AD-F6949C1810BD}"
EndProject
Project("{FAE04EC0-301F-11D3-BF4B-00C04F79EFBC}") = "WalkaAmazonIntelligence.Application", "src\WalkaAmazonIntelligence.Application\WalkaAmazonIntelligence.Application.csproj", "{860FDB0A-E1EF-4C85-ABDE-1F0949017C54}"
EndProject
Project("{FAE04EC0-301F-11D3-BF4B-00C04F79EFBC}") = "WalkaAmazonIntelligence.Persistence", "src\WalkaAmazonIntelligence.Persistence\WalkaAmazonIntelligence.Persistence.csproj", "{173DEF34-AF62-4DBE-82B2-1B535D5E98EF}"
EndProject
Project("{FAE04EC0-301F-11D3-BF4B-00C04F79EFBC}") = "WalkaAmazonIntelligence.Infrastructure", "src\WalkaAmazonIntelligence.Infrastructure\WalkaAmazonIntelligence.Infrastructure.csproj", "{8ABEB24D-0C24-48FA-8953-B974BDE82C70}"
EndProject
Project("{FAE04EC0-301F-11D3-BF4B-00C04F79EFBC}") = "WalkaAmazonIntelligence.Connectors.AmazonSeller", "src\WalkaAmazonIntelligence.Connectors.AmazonSeller\WalkaAmazonIntelligence.Connectors.AmazonSeller.csproj", "{8602E6FC-EB61-4218-88DD-3FC3878D67E7}"
EndProject
Project("{FAE04EC0-301F-11D3-BF4B-00C04F79EFBC}") = "WalkaAmazonIntelligence.Connectors.AmazonAds", "src\WalkaAmazonIntelligence.Connectors.AmazonAds\WalkaAmazonIntelligence.Connectors.AmazonAds.csproj", "{E3C27FDE-13A2-472B-95A2-C818E8AAC39B}"
EndProject
Project("{FAE04EC0-301F-11D3-BF4B-00C04F79EFBC}") = "WalkaAmazonIntelligence.Connectors.Browser", "src\WalkaAmazonIntelligence.Connectors.Browser\WalkaAmazonIntelligence.Connectors.Browser.csproj", "{FECCD4AA-2E25-4744-9F1B-583B0095CAD1}"
EndProject
Project("{FAE04EC0-301F-11D3-BF4B-00C04F79EFBC}") = "WalkaAmazonIntelligence.Analytics", "src\WalkaAmazonIntelligence.Analytics\WalkaAmazonIntelligence.Analytics.csproj", "{51B9FFA1-8FF9-4D58-BF8C-723E77B2D3A5}"
EndProject
Project("{FAE04EC0-301F-11D3-BF4B-00C04F79EFBC}") = "WalkaAmazonIntelligence.Worker", "src\WalkaAmazonIntelligence.Worker\WalkaAmazonIntelligence.Worker.csproj", "{86B8EFC6-E251-4DAA-A198-D55C8E9924F6}"
EndProject
Project("{FAE04EC0-301F-11D3-BF4B-00C04F79EFBC}") = "WalkaAmazonIntelligence.Desktop", "src\WalkaAmazonIntelligence.Desktop\WalkaAmazonIntelligence.Desktop.csproj", "{27449552-7449-42B2-AC72-ACAF34A5F020}"
EndProject
Project("{2150E333-8FDC-42A3-9474-1A3956D46DE8}") = "tests", "tests", "{0AB3BF05-4346-4AA6-1389-037BE0695223}"
EndProject
Project("{FAE04EC0-301F-11D3-BF4B-00C04F79EFBC}") = "WalkaAmazonIntelligence.Domain.Tests", "tests\WalkaAmazonIntelligence.Domain.Tests\WalkaAmazonIntelligence.Domain.Tests.csproj", "{22001103-9B78-49A8-9D24-D940A272F7AF}"
EndProject
Project("{FAE04EC0-301F-11D3-BF4B-00C04F79EFBC}") = "WalkaAmazonIntelligence.Application.Tests", "tests\WalkaAmazonIntelligence.Application.Tests\WalkaAmazonIntelligence.Application.Tests.csproj", "{59364B57-AC3E-463A-9EDA-A204175569E5}"
EndProject
Project("{FAE04EC0-301F-11D3-BF4B-00C04F79EFBC}") = "WalkaAmazonIntelligence.Persistence.Tests", "tests\WalkaAmazonIntelligence.Persistence.Tests\WalkaAmazonIntelligence.Persistence.Tests.csproj", "{E5F00B37-2495-4DE5-9FC7-D5B3BD09ABD2}"
EndProject
Project("{FAE04EC0-301F-11D3-BF4B-00C04F79EFBC}") = "WalkaAmazonIntelligence.Connectors.Tests", "tests\WalkaAmazonIntelligence.Connectors.Tests\WalkaAmazonIntelligence.Connectors.Tests.csproj", "{AB74558B-A25A-4FF9-AE49-0EFBE2E40C8B}"
EndProject
Project("{FAE04EC0-301F-11D3-BF4B-00C04F79EFBC}") = "WalkaAmazonIntelligence.Analytics.Tests", "tests\WalkaAmazonIntelligence.Analytics.Tests\WalkaAmazonIntelligence.Analytics.Tests.csproj", "{A68103EF-AB41-4FA9-8A4A-E7F62694FA92}"
EndProject
Global
	GlobalSection(SolutionConfigurationPlatforms) = preSolution
		Debug|Any CPU = Debug|Any CPU
		Debug|x64 = Debug|x64
		Debug|x86 = Debug|x86
		Release|Any CPU = Release|Any CPU
		Release|x64 = Release|x64
		Release|x86 = Release|x86
	EndGlobalSection
	GlobalSection(ProjectConfigurationPlatforms) = postSolution
		{C9211160-AF6B-40EB-99AD-F6949C1810BD}.Debug|Any CPU.ActiveCfg = Debug|Any CPU
		{C9211160-AF6B-40EB-99AD-F6949C1810BD}.Debug|Any CPU.Build.0 = Debug|Any CPU
		{C9211160-AF6B-40EB-99AD-F6949C1810BD}.Debug|x64.ActiveCfg = Debug|Any CPU
		{C9211160-AF6B-40EB-99AD-F6949C1810BD}.Debug|x64.Build.0 = Debug|Any CPU
		{C9211160-AF6B-40EB-99AD-F6949C1810BD}.Debug|x86.ActiveCfg = Debug|Any CPU
		{C9211160-AF6B-40EB-99AD-F6949C1810BD}.Debug|x86.Build.0 = Debug|Any CPU
		{C9211160-AF6B-40EB-99AD-F6949C1810BD}.Release|Any CPU.ActiveCfg = Release|Any CPU
		{C9211160-AF6B-40EB-99AD-F6949C1810BD}.Release|Any CPU.Build.0 = Release|Any CPU
		{C9211160-AF6B-40EB-99AD-F6949C1810BD}.Release|x64.ActiveCfg = Release|Any CPU
		{C9211160-AF6B-40EB-99AD-F6949C1810BD}.Release|x64.Build.0 = Release|Any CPU
		{C9211160-AF6B-40EB-99AD-F6949C1810BD}.Release|x86.ActiveCfg = Release|Any CPU
		{C9211160-AF6B-40EB-99AD-F6949C1810BD}.Release|x86.Build.0 = Release|Any CPU
		{860FDB0A-E1EF-4C85-ABDE-1F0949017C54}.Debug|Any CPU.ActiveCfg = Debug|Any CPU
		{860FDB0A-E1EF-4C85-ABDE-1F0949017C54}.Debug|Any CPU.Build.0 = Debug|Any CPU
		{860FDB0A-E1EF-4C85-ABDE-1F0949017C54}.Debug|x64.ActiveCfg = Debug|Any CPU
		{860FDB0A-E1EF-4C85-ABDE-1F0949017C54}.Debug|x64.Build.0 = Debug|Any CPU
		{860FDB0A-E1EF-4C85-ABDE-1F0949017C54}.Debug|x86.ActiveCfg = Debug|Any CPU
		{860FDB0A-E1EF-4C85-ABDE-1F0949017C54}.Debug|x86.Build.0 = Debug|Any CPU
		{860FDB0A-E1EF-4C85-ABDE-1F0949017C54}.Release|Any CPU.ActiveCfg = Release|Any CPU
		{860FDB0A-E1EF-4C85-ABDE-1F0949017C54}.Release|Any CPU.Build.0 = Release|Any CPU
		{860FDB0A-E1EF-4C85-ABDE-1F0949017C54}.Release|x64.ActiveCfg = Release|Any CPU
		{860FDB0A-E1EF-4C85-ABDE-1F0949017C54}.Release|x64.Build.0 = Release|Any CPU
		{860FDB0A-E1EF-4C85-ABDE-1F0949017C54}.Release|x86.ActiveCfg = Release|Any CPU
		{860FDB0A-E1EF-4C85-ABDE-1F0949017C54}.Release|x86.Build.0 = Release|Any CPU
		{173DEF34-AF62-4DBE-82B2-1B535D5E98EF}.Debug|Any CPU.ActiveCfg = Debug|Any CPU
		{173DEF34-AF62-4DBE-82B2-1B535D5E98EF}.Debug|Any CPU.Build.0 = Debug|Any CPU
		{173DEF34-AF62-4DBE-82B2-1B535D5E98EF}.Debug|x64.ActiveCfg = Debug|Any CPU
		{173DEF34-AF62-4DBE-82B2-1B535D5E98EF}.Debug|x64.Build.0 = Debug|Any CPU
		{173DEF34-AF62-4DBE-82B2-1B535D5E98EF}.Debug|x86.ActiveCfg = Debug|Any CPU
		{173DEF34-AF62-4DBE-82B2-1B535D5E98EF}.Debug|x86.Build.0 = Debug|Any CPU
		{173DEF34-AF62-4DBE-82B2-1B535D5E98EF}.Release|Any CPU.ActiveCfg = Release|Any CPU
		{173DEF34-AF62-4DBE-82B2-1B535D5E98EF}.Release|Any CPU.Build.0 = Release|Any CPU
		{173DEF34-AF62-4DBE-82B2-1B535D5E98EF}.Release|x64.ActiveCfg = Release|Any CPU
		{173DEF34-AF62-4DBE-82B2-1B535D5E98EF}.Release|x64.Build.0 = Release|Any CPU
		{173DEF34-AF62-4DBE-82B2-1B535D5E98EF}.Release|x86.ActiveCfg = Release|Any CPU
		{173DEF34-AF62-4DBE-82B2-1B535D5E98EF}.Release|x86.Build.0 = Release|Any CPU
		{8ABEB24D-0C24-48FA-8953-B974BDE82C70}.Debug|Any CPU.ActiveCfg = Debug|Any CPU
		{8ABEB24D-0C24-48FA-8953-B974BDE82C70}.Debug|Any CPU.Build.0 = Debug|Any CPU
		{8ABEB24D-0C24-48FA-8953-B974BDE82C70}.Debug|x64.ActiveCfg = Debug|Any CPU
		{8ABEB24D-0C24-48FA-8953-B974BDE82C70}.Debug|x64.Build.0 = Debug|Any CPU
		{8ABEB24D-0C24-48FA-8953-B974BDE82C70}.Debug|x86.ActiveCfg = Debug|Any CPU
		{8ABEB24D-0C24-48FA-8953-B974BDE82C70}.Debug|x86.Build.0 = Debug|Any CPU
		{8ABEB24D-0C24-48FA-8953-B974BDE82C70}.Release|Any CPU.ActiveCfg = Release|Any CPU
		{8ABEB24D-0C24-48FA-8953-B974BDE82C70}.Release|Any CPU.Build.0 = Release|Any CPU
		{8ABEB24D-0C24-48FA-8953-B974BDE82C70}.Release|x64.ActiveCfg = Release|Any CPU
		{8ABEB24D-0C24-48FA-8953-B974BDE82C70}.Release|x64.Build.0 = Release|Any CPU
		{8ABEB24D-0C24-48FA-8953-B974BDE82C70}.Release|x86.ActiveCfg = Release|Any CPU
		{8ABEB24D-0C24-48FA-8953-B974BDE82C70}.Release|x86.Build.0 = Release|Any CPU
		{8602E6FC-EB61-4218-88DD-3FC3878D67E7}.Debug|Any CPU.ActiveCfg = Debug|Any CPU
		{8602E6FC-EB61-4218-88DD-3FC3878D67E7}.Debug|Any CPU.Build.0 = Debug|Any CPU
		{8602E6FC-EB61-4218-88DD-3FC3878D67E7}.Debug|x64.ActiveCfg = Debug|Any CPU
		{8602E6FC-EB61-4218-88DD-3FC3878D67E7}.Debug|x64.Build.0 = Debug|Any CPU
		{8602E6FC-EB61-4218-88DD-3FC3878D67E7}.Debug|x86.ActiveCfg = Debug|Any CPU
		{8602E6FC-EB61-4218-88DD-3FC3878D67E7}.Debug|x86.Build.0 = Debug|Any CPU
		{8602E6FC-EB61-4218-88DD-3FC3878D67E7}.Release|Any CPU.ActiveCfg = Release|Any CPU
		{8602E6FC-EB61-4218-88DD-3FC3878D67E7}.Release|Any CPU.Build.0 = Release|Any CPU
		{8602E6FC-EB61-4218-88DD-3FC3878D67E7}.Release|x64.ActiveCfg = Release|Any CPU
		{8602E6FC-EB61-4218-88DD-3FC3878D67E7}.Release|x64.Build.0 = Release|Any CPU
		{8602E6FC-EB61-4218-88DD-3FC3878D67E7}.Release|x86.ActiveCfg = Release|Any CPU
		{8602E6FC-EB61-4218-88DD-3FC3878D67E7}.Release|x86.Build.0 = Release|Any CPU
		{E3C27FDE-13A2-472B-95A2-C818E8AAC39B}.Debug|Any CPU.ActiveCfg = Debug|Any CPU
		{E3C27FDE-13A2-472B-95A2-C818E8AAC39B}.Debug|Any CPU.Build.0 = Debug|Any CPU
		{E3C27FDE-13A2-472B-95A2-C818E8AAC39B}.Debug|x64.ActiveCfg = Debug|Any CPU
		{E3C27FDE-13A2-472B-95A2-C818E8AAC39B}.Debug|x64.Build.0 = Debug|Any CPU
		{E3C27FDE-13A2-472B-95A2-C818E8AAC39B}.Debug|x86.ActiveCfg = Debug|Any CPU
		{E3C27FDE-13A2-472B-95A2-C818E8AAC39B}.Debug|x86.Build.0 = Debug|Any CPU
		{E3C27FDE-13A2-472B-95A2-C818E8AAC39B}.Release|Any CPU.ActiveCfg = Release|Any CPU
		{E3C27FDE-13A2-472B-95A2-C818E8AAC39B}.Release|Any CPU.Build.0 = Release|Any CPU
		{E3C27FDE-13A2-472B-95A2-C818E8AAC39B}.Release|x64.ActiveCfg = Release|Any CPU
		{E3C27FDE-13A2-472B-95A2-C818E8AAC39B}.Release|x64.Build.0 = Release|Any CPU
		{E3C27FDE-13A2-472B-95A2-C818E8AAC39B}.Release|x86.ActiveCfg = Release|Any CPU
		{E3C27FDE-13A2-472B-95A2-C818E8AAC39B}.Release|x86.Build.0 = Release|Any CPU
		{FECCD4AA-2E25-4744-9F1B-583B0095CAD1}.Debug|Any CPU.ActiveCfg = Debug|Any CPU
		{FECCD4AA-2E25-4744-9F1B-583B0095CAD1}.Debug|Any CPU.Build.0 = Debug|Any CPU
		{FECCD4AA-2E25-4744-9F1B-583B0095CAD1}.Debug|x64.ActiveCfg = Debug|Any CPU
		{FECCD4AA-2E25-4744-9F1B-583B0095CAD1}.Debug|x64.Build.0 = Debug|Any CPU
		{FECCD4AA-2E25-4744-9F1B-583B0095CAD1}.Debug|x86.ActiveCfg = Debug|Any CPU
		{FECCD4AA-2E25-4744-9F1B-583B0095CAD1}.Debug|x86.Build.0 = Debug|Any CPU
		{FECCD4AA-2E25-4744-9F1B-583B0095CAD1}.Release|Any CPU.ActiveCfg = Release|Any CPU
		{FECCD4AA-2E25-4744-9F1B-583B0095CAD1}.Release|Any CPU.Build.0 = Release|Any CPU
		{FECCD4AA-2E25-4744-9F1B-583B0095CAD1}.Release|x64.ActiveCfg = Release|Any CPU
		{FECCD4AA-2E25-4744-9F1B-583B0095CAD1}.Release|x64.Build.0 = Release|Any CPU
		{FECCD4AA-2E25-4744-9F1B-583B0095CAD1}.Release|x86.ActiveCfg = Release|Any CPU
		{FECCD4AA-2E25-4744-9F1B-583B0095CAD1}.Release|x86.Build.0 = Release|Any CPU
		{51B9FFA1-8FF9-4D58-BF8C-723E77B2D3A5}.Debug|Any CPU.ActiveCfg = Debug|Any CPU
		{51B9FFA1-8FF9-4D58-BF8C-723E77B2D3A5}.Debug|Any CPU.Build.0 = Debug|Any CPU
		{51B9FFA1-8FF9-4D58-BF8C-723E77B2D3A5}.Debug|x64.ActiveCfg = Debug|Any CPU
		{51B9FFA1-8FF9-4D58-BF8C-723E77B2D3A5}.Debug|x64.Build.0 = Debug|Any CPU
		{51B9FFA1-8FF9-4D58-BF8C-723E77B2D3A5}.Debug|x86.ActiveCfg = Debug|Any CPU
		{51B9FFA1-8FF9-4D58-BF8C-723E77B2D3A5}.Debug|x86.Build.0 = Debug|Any CPU
		{51B9FFA1-8FF9-4D58-BF8C-723E77B2D3A5}.Release|Any CPU.ActiveCfg = Release|Any CPU
		{51B9FFA1-8FF9-4D58-BF8C-723E77B2D3A5}.Release|Any CPU.Build.0 = Release|Any CPU
		{51B9FFA1-8FF9-4D58-BF8C-723E77B2D3A5}.Release|x64.ActiveCfg = Release|Any CPU
		{51B9FFA1-8FF9-4D58-BF8C-723E77B2D3A5}.Release|x64.Build.0 = Release|Any CPU
		{51B9FFA1-8FF9-4D58-BF8C-723E77B2D3A5}.Release|x86.ActiveCfg = Release|Any CPU
		{51B9FFA1-8FF9-4D58-BF8C-723E77B2D3A5}.Release|x86.Build.0 = Release|Any CPU
		{86B8EFC6-E251-4DAA-A198-D55C8E9924F6}.Debug|Any CPU.ActiveCfg = Debug|Any CPU
		{86B8EFC6-E251-4DAA-A198-D55C8E9924F6}.Debug|Any CPU.Build.0 = Debug|Any CPU
		{86B8EFC6-E251-4DAA-A198-D55C8E9924F6}.Debug|x64.ActiveCfg = Debug|Any CPU
		{86B8EFC6-E251-4DAA-A198-D55C8E9924F6}.Debug|x64.Build.0 = Debug|Any CPU
		{86B8EFC6-E251-4DAA-A198-D55C8E9924F6}.Debug|x86.ActiveCfg = Debug|Any CPU
		{86B8EFC6-E251-4DAA-A198-D55C8E9924F6}.Debug|x86.Build.0 = Debug|Any CPU
		{86B8EFC6-E251-4DAA-A198-D55C8E9924F6}.Release|Any CPU.ActiveCfg = Release|Any CPU
		{86B8EFC6-E251-4DAA-A198-D55C8E9924F6}.Release|Any CPU.Build.0 = Release|Any CPU
		{86B8EFC6-E251-4DAA-A198-D55C8E9924F6}.Release|x64.ActiveCfg = Release|Any CPU
		{86B8EFC6-E251-4DAA-A198-D55C8E9924F6}.Release|x64.Build.0 = Release|Any CPU
		{86B8EFC6-E251-4DAA-A198-D55C8E9924F6}.Release|x86.ActiveCfg = Release|Any CPU
		{86B8EFC6-E251-4DAA-A198-D55C8E9924F6}.Release|x86.Build.0 = Release|Any CPU
		{27449552-7449-42B2-AC72-ACAF34A5F020}.Debug|Any CPU.ActiveCfg = Debug|Any CPU
		{27449552-7449-42B2-AC72-ACAF34A5F020}.Debug|Any CPU.Build.0 = Debug|Any CPU
		{27449552-7449-42B2-AC72-ACAF34A5F020}.Debug|x64.ActiveCfg = Debug|Any CPU
		{27449552-7449-42B2-AC72-ACAF34A5F020}.Debug|x64.Build.0 = Debug|Any CPU
		{27449552-7449-42B2-AC72-ACAF34A5F020}.Debug|x86.ActiveCfg = Debug|Any CPU
		{27449552-7449-42B2-AC72-ACAF34A5F020}.Debug|x86.Build.0 = Debug|Any CPU
		{27449552-7449-42B2-AC72-ACAF34A5F020}.Release|Any CPU.ActiveCfg = Release|Any CPU
		{27449552-7449-42B2-AC72-ACAF34A5F020}.Release|Any CPU.Build.0 = Release|Any CPU
		{27449552-7449-42B2-AC72-ACAF34A5F020}.Release|x64.ActiveCfg = Release|Any CPU
		{27449552-7449-42B2-AC72-ACAF34A5F020}.Release|x64.Build.0 = Release|Any CPU
		{27449552-7449-42B2-AC72-ACAF34A5F020}.Release|x86.ActiveCfg = Release|Any CPU
		{27449552-7449-42B2-AC72-ACAF34A5F020}.Release|x86.Build.0 = Release|Any CPU
		{22001103-9B78-49A8-9D24-D940A272F7AF}.Debug|Any CPU.ActiveCfg = Debug|Any CPU
		{22001103-9B78-49A8-9D24-D940A272F7AF}.Debug|Any CPU.Build.0 = Debug|Any CPU
		{22001103-9B78-49A8-9D24-D940A272F7AF}.Debug|x64.ActiveCfg = Debug|Any CPU
		{22001103-9B78-49A8-9D24-D940A272F7AF}.Debug|x64.Build.0 = Debug|Any CPU
		{22001103-9B78-49A8-9D24-D940A272F7AF}.Debug|x86.ActiveCfg = Debug|Any CPU
		{22001103-9B78-49A8-9D24-D940A272F7AF}.Debug|x86.Build.0 = Debug|Any CPU
		{22001103-9B78-49A8-9D24-D940A272F7AF}.Release|Any CPU.ActiveCfg = Release|Any CPU
		{22001103-9B78-49A8-9D24-D940A272F7AF}.Release|Any CPU.Build.0 = Release|Any CPU
		{22001103-9B78-49A8-9D24-D940A272F7AF}.Release|x64.ActiveCfg = Release|Any CPU
		{22001103-9B78-49A8-9D24-D940A272F7AF}.Release|x64.Build.0 = Release|Any CPU
		{22001103-9B78-49A8-9D24-D940A272F7AF}.Release|x86.ActiveCfg = Release|Any CPU
		{22001103-9B78-49A8-9D24-D940A272F7AF}.Release|x86.Build.0 = Release|Any CPU
		{59364B57-AC3E-463A-9EDA-A204175569E5}.Debug|Any CPU.ActiveCfg = Debug|Any CPU
		{59364B57-AC3E-463A-9EDA-A204175569E5}.Debug|Any CPU.Build.0 = Debug|Any CPU
		{59364B57-AC3E-463A-9EDA-A204175569E5}.Debug|x64.ActiveCfg = Debug|Any CPU
		{59364B57-AC3E-463A-9EDA-A204175569E5}.Debug|x64.Build.0 = Debug|Any CPU
		{59364B57-AC3E-463A-9EDA-A204175569E5}.Debug|x86.ActiveCfg = Debug|Any CPU
		{59364B57-AC3E-463A-9EDA-A204175569E5}.Debug|x86.Build.0 = Debug|Any CPU
		{59364B57-AC3E-463A-9EDA-A204175569E5}.Release|Any CPU.ActiveCfg = Release|Any CPU
		{59364B57-AC3E-463A-9EDA-A204175569E5}.Release|Any CPU.Build.0 = Release|Any CPU
		{59364B57-AC3E-463A-9EDA-A204175569E5}.Release|x64.ActiveCfg = Release|Any CPU
		{59364B57-AC3E-463A-9EDA-A204175569E5}.Release|x64.Build.0 = Release|Any CPU
		{59364B57-AC3E-463A-9EDA-A204175569E5}.Release|x86.ActiveCfg = Release|Any CPU
		{59364B57-AC3E-463A-9EDA-A204175569E5}.Release|x86.Build.0 = Release|Any CPU
		{E5F00B37-2495-4DE5-9FC7-D5B3BD09ABD2}.Debug|Any CPU.ActiveCfg = Debug|Any CPU
		{E5F00B37-2495-4DE5-9FC7-D5B3BD09ABD2}.Debug|Any CPU.Build.0 = Debug|Any CPU
		{E5F00B37-2495-4DE5-9FC7-D5B3BD09ABD2}.Debug|x64.ActiveCfg = Debug|Any CPU
		{E5F00B37-2495-4DE5-9FC7-D5B3BD09ABD2}.Debug|x64.Build.0 = Debug|Any CPU
		{E5F00B37-2495-4DE5-9FC7-D5B3BD09ABD2}.Debug|x86.ActiveCfg = Debug|Any CPU
		{E5F00B37-2495-4DE5-9FC7-D5B3BD09ABD2}.Debug|x86.Build.0 = Debug|Any CPU
		{E5F00B37-2495-4DE5-9FC7-D5B3BD09ABD2}.Release|Any CPU.ActiveCfg = Release|Any CPU
		{E5F00B37-2495-4DE5-9FC7-D5B3BD09ABD2}.Release|Any CPU.Build.0 = Release|Any CPU
		{E5F00B37-2495-4DE5-9FC7-D5B3BD09ABD2}.Release|x64.ActiveCfg = Release|Any CPU
		{E5F00B37-2495-4DE5-9FC7-D5B3BD09ABD2}.Release|x64.Build.0 = Release|Any CPU
		{E5F00B37-2495-4DE5-9FC7-D5B3BD09ABD2}.Release|x86.ActiveCfg = Release|Any CPU
		{E5F00B37-2495-4DE5-9FC7-D5B3BD09ABD2}.Release|x86.Build.0 = Release|Any CPU
		{AB74558B-A25A-4FF9-AE49-0EFBE2E40C8B}.Debug|Any CPU.ActiveCfg = Debug|Any CPU
		{AB74558B-A25A-4FF9-AE49-0EFBE2E40C8B}.Debug|Any CPU.Build.0 = Debug|Any CPU
		{AB74558B-A25A-4FF9-AE49-0EFBE2E40C8B}.Debug|x64.ActiveCfg = Debug|Any CPU
		{AB74558B-A25A-4FF9-AE49-0EFBE2E40C8B}.Debug|x64.Build.0 = Debug|Any CPU
		{AB74558B-A25A-4FF9-AE49-0EFBE2E40C8B}.Debug|x86.ActiveCfg = Debug|Any CPU
		{AB74558B-A25A-4FF9-AE49-0EFBE2E40C8B}.Debug|x86.Build.0 = Debug|Any CPU
		{AB74558B-A25A-4FF9-AE49-0EFBE2E40C8B}.Release|Any CPU.ActiveCfg = Release|Any CPU
		{AB74558B-A25A-4FF9-AE49-0EFBE2E40C8B}.Release|Any CPU.Build.0 = Release|Any CPU
		{AB74558B-A25A-4FF9-AE49-0EFBE2E40C8B}.Release|x64.ActiveCfg = Release|Any CPU
		{AB74558B-A25A-4FF9-AE49-0EFBE2E40C8B}.Release|x64.Build.0 = Release|Any CPU
		{AB74558B-A25A-4FF9-AE49-0EFBE2E40C8B}.Release|x86.ActiveCfg = Release|Any CPU
		{AB74558B-A25A-4FF9-AE49-0EFBE2E40C8B}.Release|x86.Build.0 = Release|Any CPU
		{A68103EF-AB41-4FA9-8A4A-E7F62694FA92}.Debug|Any CPU.ActiveCfg = Debug|Any CPU
		{A68103EF-AB41-4FA9-8A4A-E7F62694FA92}.Debug|Any CPU.Build.0 = Debug|Any CPU
		{A68103EF-AB41-4FA9-8A4A-E7F62694FA92}.Debug|x64.ActiveCfg = Debug|Any CPU
		{A68103EF-AB41-4FA9-8A4A-E7F62694FA92}.Debug|x64.Build.0 = Debug|Any CPU
		{A68103EF-AB41-4FA9-8A4A-E7F62694FA92}.Debug|x86.ActiveCfg = Debug|Any CPU
		{A68103EF-AB41-4FA9-8A4A-E7F62694FA92}.Debug|x86.Build.0 = Debug|Any CPU
		{A68103EF-AB41-4FA9-8A4A-E7F62694FA92}.Release|Any CPU.ActiveCfg = Release|Any CPU
		{A68103EF-AB41-4FA9-8A4A-E7F62694FA92}.Release|Any CPU.Build.0 = Release|Any CPU
		{A68103EF-AB41-4FA9-8A4A-E7F62694FA92}.Release|x64.ActiveCfg = Release|Any CPU
		{A68103EF-AB41-4FA9-8A4A-E7F62694FA92}.Release|x64.Build.0 = Release|Any CPU
		{A68103EF-AB41-4FA9-8A4A-E7F62694FA92}.Release|x86.ActiveCfg = Release|Any CPU
		{A68103EF-AB41-4FA9-8A4A-E7F62694FA92}.Release|x86.Build.0 = Release|Any CPU
	EndGlobalSection
	GlobalSection(SolutionProperties) = preSolution
		HideSolutionNode = FALSE
	EndGlobalSection
	GlobalSection(NestedProjects) = preSolution
		{C9211160-AF6B-40EB-99AD-F6949C1810BD} = {827E0CD3-B72D-47B6-A68D-7590B98EB39B}
		{860FDB0A-E1EF-4C85-ABDE-1F0949017C54} = {827E0CD3-B72D-47B6-A68D-7590B98EB39B}
		{173DEF34-AF62-4DBE-82B2-1B535D5E98EF} = {827E0CD3-B72D-47B6-A68D-7590B98EB39B}
		{8ABEB24D-0C24-48FA-8953-B974BDE82C70} = {827E0CD3-B72D-47B6-A68D-7590B98EB39B}
		{8602E6FC-EB61-4218-88DD-3FC3878D67E7} = {827E0CD3-B72D-47B6-A68D-7590B98EB39B}
		{E3C27FDE-13A2-472B-95A2-C818E8AAC39B} = {827E0CD3-B72D-47B6-A68D-7590B98EB39B}
		{FECCD4AA-2E25-4744-9F1B-583B0095CAD1} = {827E0CD3-B72D-47B6-A68D-7590B98EB39B}
		{51B9FFA1-8FF9-4D58-BF8C-723E77B2D3A5} = {827E0CD3-B72D-47B6-A68D-7590B98EB39B}
		{86B8EFC6-E251-4DAA-A198-D55C8E9924F6} = {827E0CD3-B72D-47B6-A68D-7590B98EB39B}
		{27449552-7449-42B2-AC72-ACAF34A5F020} = {827E0CD3-B72D-47B6-A68D-7590B98EB39B}
		{22001103-9B78-49A8-9D24-D940A272F7AF} = {0AB3BF05-4346-4AA6-1389-037BE0695223}
		{59364B57-AC3E-463A-9EDA-A204175569E5} = {0AB3BF05-4346-4AA6-1389-037BE0695223}
		{E5F00B37-2495-4DE5-9FC7-D5B3BD09ABD2} = {0AB3BF05-4346-4AA6-1389-037BE0695223}
		{AB74558B-A25A-4FF9-AE49-0EFBE2E40C8B} = {0AB3BF05-4346-4AA6-1389-037BE0695223}
		{A68103EF-AB41-4FA9-8A4A-E7F62694FA92} = {0AB3BF05-4346-4AA6-1389-037BE0695223}
	EndGlobalSection
EndGlobal
